
Microsoft Visual Studio Solution File, Format Version 12.00
# Visual Studio Version 17
VisualStudioVersion = 17.10.34804.81
MinimumVisualStudioVersion = 10.0.40219.1
Project("{FAE04EC0-301F-11D3-BF4B-00C04F79EFBC}") = "SSDLDotNetCore.ConsoleApp", "SSDLDotNetCore.ConsoleApp\SSDLDotNetCore.ConsoleApp.csproj", "{CC877FDE-1E7C-48D4-9F2E-08AD18359444}"
EndProject
Project("{2150E333-8FDC-42A3-9474-1A3956D46DE8}") = "Documents", "Documents", "{D7322A92-A85A-4940-BC3D-579AB32223CA}"
	ProjectSection(SolutionItems) = preProject
		README.md = README.md
	EndProjectSection
EndProject
Global
	GlobalSection(SolutionConfigurationPlatforms) = preSolution
		Debug|Any CPU = Debug|Any CPU
		Release|Any CPU = Release|Any CPU
	EndGlobalSection
	GlobalSection(ProjectConfigurationPlatforms) = postSolution
		{CC877FDE-1E7C-48D4-9F2E-08AD18359444}.Debug|Any CPU.ActiveCfg = Debug|Any CPU
		{CC877FDE-1E7C-48D4-9F2E-08AD18359444}.Debug|Any CPU.Build.0 = Debug|Any CPU
		{CC877FDE-1E7C-48D4-9F2E-08AD18359444}.Release|Any CPU.ActiveCfg = Release|Any CPU
		{CC877FDE-1E7C-48D4-9F2E-08AD18359444}.Release|Any CPU.Build.0 = Release|Any CPU
	EndGlobalSection
	GlobalSection(SolutionProperties) = preSolution
		HideSolutionNode = FALSE
	EndGlobalSection
	GlobalSection(ExtensibilityGlobals) = postSolution
		SolutionGuid = {A7A336EB-F591-4776-9D97-C3982BE228D9}
	EndGlobalSection
EndGlobal
