
Microsoft Visual Studio Solution File, Format Version 12.00
# Visual Studio Version 17
VisualStudioVersion = 17.10.34804.81
MinimumVisualStudioVersion = 10.0.40219.1
Project("{9A19103F-16F7-4668-BE54-9A1E7A4F7556}") = "SSDLDotNetCore.ConsoleApp", "SSDLDotNetCore.ConsoleApp\SSDLDotNetCore.ConsoleApp.csproj", "{CC877FDE-1E7C-48D4-9F2E-08AD18359444}"
EndProject
Project("{2150E333-8FDC-42A3-9474-1A3956D46DE8}") = "Documents", "Documents", "{D7322A92-A85A-4940-BC3D-579AB32223CA}"
	ProjectSection(SolutionItems) = preProject
		Blog.sql = Blog.sql
		README.md = README.md
	EndProjectSection
EndProject
Project("{9A19103F-16F7-4668-BE54-9A1E7A4F7556}") = "SSDLDotNetCore.RestApi", "SSDLDotNetCore.RestApi\SSDLDotNetCore.RestApi.csproj", "{870BC14F-43A7-4C05-B265-BB5BF90E63B2}"
EndProject
Project("{9A19103F-16F7-4668-BE54-9A1E7A4F7556}") = "SSDLDotNetCore.Shared", "SSDLDotNetCore.Shared\SSDLDotNetCore.Shared.csproj", "{702EEAA3-3DE1-4BA4-900D-E2C9E042E622}"
EndProject
Project("{9A19103F-16F7-4668-BE54-9A1E7A4F7556}") = "SSDLDotNetCore.RestApiWithNLayer", "SSDLDotNetCore.RestApiWithNLayer\SSDLDotNetCore.RestApiWithNLayer.csproj", "{BC9612D9-4B00-4A50-9031-9D83EB63CF26}"
EndProject
Project("{9A19103F-16F7-4668-BE54-9A1E7A4F7556}") = "SSDLDotNetCore.ConsoleAppHttpClient", "SSDLDotNetCore.ConsoleAppHttpClient\SSDLDotNetCore.ConsoleAppHttpClient.csproj", "{3B45A6FD-7989-4680-B729-BAA1732D6367}"
EndProject
Project("{9A19103F-16F7-4668-BE54-9A1E7A4F7556}") = "SSDLDotNetCore.ConsoleAppHttpClientExamples", "SSDLDotNetCore.ConsoleAppHttpClientExamples\SSDLDotNetCore.ConsoleAppHttpClientExamples.csproj", "{78751516-DC61-42A4-BA2F-3E3BC734B216}"
EndProject
Project("{9A19103F-16F7-4668-BE54-9A1E7A4F7556}") = "SSDLDotNetCore.ConsoleAppRestClientExamples", "SSDLDotNetCore.ConsoleAppRestClientExamples\SSDLDotNetCore.ConsoleAppRestClientExamples.csproj", "{FEAE9ED2-CBFE-4791-AC56-EE4117BC5DF2}"
EndProject
Project("{9A19103F-16F7-4668-BE54-9A1E7A4F7556}") = "SSDLDotNetCore.PizzaApi", "SSDLDotNetCore.PizzaApi\SSDLDotNetCore.PizzaApi.csproj", "{6166DA76-2CC4-480D-852A-7591A29B0FB1}"
EndProject
Project("{9A19103F-16F7-4668-BE54-9A1E7A4F7556}") = "SSDLDotNetCore.ConsoleAppRefitExamples", "SSDLDotNetCore.ConsoleAppRefitExamples\SSDLDotNetCore.ConsoleAppRefitExamples.csproj", "{8CA24AD9-527D-4305-8F2C-24293EE2F272}"
EndProject
Project("{9A19103F-16F7-4668-BE54-9A1E7A4F7556}") = "SSDLDotNetCore.WinFormsApp", "SSDLDotNetCore.WinFormsApp\SSDLDotNetCore.WinFormsApp.csproj", "{AA31203E-3480-4E55-B649-D439830DDE69}"
EndProject
Project("{9A19103F-16F7-4668-BE54-9A1E7A4F7556}") = "SSDLDotNetCore.WinFormsAppSqlInjection", "SSDLDotNetCore.WinFormsAppSqlInjection\SSDLDotNetCore.WinFormsAppSqlInjection.csproj", "{AC2AC78B-F198-413E-9D38-D8FAD5D7A033}"
EndProject
Project("{9A19103F-16F7-4668-BE54-9A1E7A4F7556}") = "SSDLDotNetCore.NLayer.UI", "SSDLDotNetCore.NLayer.UI\SSDLDotNetCore.NLayer.UI.csproj", "{63503FA5-DDB7-47FC-8706-E35215B23267}"
EndProject
Project("{9A19103F-16F7-4668-BE54-9A1E7A4F7556}") = "SSDLDotNetCore.NLayer.BusinessLogic", "SSDLDotNetCore.NLayer.BusinessLogic\SSDLDotNetCore.NLayer.BusinessLogic.csproj", "{4CC33941-71DD-47C8-A1C6-AAFB85C5A884}"
EndProject
Project("{9A19103F-16F7-4668-BE54-9A1E7A4F7556}") = "SSDLDotNetCore.NLayer.DataAccess", "SSDLDotNetCore.NLayer.DataAccess\SSDLDotNetCore.NLayer.DataAccess.csproj", "{007F0C8B-2121-4F00-88E2-A7975F819BD5}"
EndProject
Project("{9A19103F-16F7-4668-BE54-9A1E7A4F7556}") = "SSDLDotNetCore.MinimalApi", "SSDLDotNetCore.MinimalApi\SSDLDotNetCore.MinimalApi.csproj", "{884588C6-C632-429E-BF2C-813F59674306}"
EndProject
Project("{9A19103F-16F7-4668-BE54-9A1E7A4F7556}") = "SSDLDotNetCore.MvcApp", "SSDLDotNetCore.MvcApp\SSDLDotNetCore.MvcApp.csproj", "{708441A6-D7C0-4A37-A4A9-F15F8FF4FCFE}"
EndProject
Project("{9A19103F-16F7-4668-BE54-9A1E7A4F7556}") = "SSDLDotNetCore.MvcApp2", "SSDLDotNetCore.MvcApp2\SSDLDotNetCore.MvcApp2.csproj", "{F54BBFCC-9E5A-4D53-B16C-954F9BFE7420}"
EndProject
Project("{9A19103F-16F7-4668-BE54-9A1E7A4F7556}") = "SSDLDotNetCore.MvcChartApp", "SSDLDotNetCore.MvcChartApp\SSDLDotNetCore.MvcChartApp.csproj", "{4E8EE404-A3E4-41AF-B7AE-66D560C0803B}"
EndProject
Project("{9A19103F-16F7-4668-BE54-9A1E7A4F7556}") = "SSDLDotNetCore.ConsoleAppLogging", "SSDLDotNetCore.ConsoleAppLogging\SSDLDotNetCore.ConsoleAppLogging.csproj", "{BDD67DC0-1B3D-4C80-815B-E4FE11C424DF}"
EndProject
Project("{9A19103F-16F7-4668-BE54-9A1E7A4F7556}") = "SSDLDotNetCore.RealtimeChatApp", "SSDLDotNetCore.RealtimeChatApp\SSDLDotNetCore.RealtimeChatApp.csproj", "{BFC78A86-9EDE-4920-94F5-04C458EE4F0A}"
EndProject
Project("{9A19103F-16F7-4668-BE54-9A1E7A4F7556}") = "SSDLDotNetCore.ConsoleAppPagination", "SSDLDotNetCore.ConsoleAppPagination\SSDLDotNetCore.ConsoleAppPagination.csproj", "{7B425BCD-C55C-4E0E-AF9B-26F011572A74}"
EndProject
Project("{9A19103F-16F7-4668-BE54-9A1E7A4F7556}") = "SSDLDotNetCore.MvcPagination", "SSDLDotNetCore.MvcPagination\SSDLDotNetCore.MvcPagination.csproj", "{FFDECFA6-8B08-4E16-8A37-A1BF9FDE059A}"
EndProject
Project("{9A19103F-16F7-4668-BE54-9A1E7A4F7556}") = "SSDLDotNetCore.MvcApiCall", "SSDLDotNetCore.MvcApiCall\SSDLDotNetCore.MvcApiCall.csproj", "{B9526AD9-3717-453F-A42E-FD32C6EBB166}"
EndProject
Project("{9A19103F-16F7-4668-BE54-9A1E7A4F7556}") = "SSDLDotNetCore.MinimalApi2", "SSDLDotNetCore.MinimalApi2\SSDLDotNetCore.MinimalApi2.csproj", "{80FB4D5A-522A-4B49-86A0-DF9A41F0637F}"
EndProject
Project("{9A19103F-16F7-4668-BE54-9A1E7A4F7556}") = "SSDLDotNetCore.RealtimeChartApp", "SSDLDotNetCore.RealtimeChartApp\SSDLDotNetCore.RealtimeChartApp.csproj", "{034ADFCD-B34A-4E3E-B360-1A6BDC424029}"
EndProject
Project("{9A19103F-16F7-4668-BE54-9A1E7A4F7556}") = "SSDLDotNetCore.ConsoleAppEFCore", "SSDLDotNetCore.ConsoleAppEFCore\SSDLDotNetCore.ConsoleAppEFCore.csproj", "{FF07A7D2-2B54-45AC-9CD2-51D915C8969C}"
EndProject
Project("{9A19103F-16F7-4668-BE54-9A1E7A4F7556}") = "SSDLDotNetCore.ConsoleAppEFCore.Databases", "SSDLDotNetCore.ConsoleAppEFCore.Databases\SSDLDotNetCore.ConsoleAppEFCore.Databases.csproj", "{2280FFC6-D75C-47F7-816D-02B631AB0183}"
EndProject
Project("{9A19103F-16F7-4668-BE54-9A1E7A4F7556}") = "SSDLDotNetCore.MvcDesignApp", "SSDLDotNetCore.MvcDesignApp\SSDLDotNetCore.MvcDesignApp.csproj", "{FDF62753-2B0F-484A-88DD-633CF59106B2}"
EndProject
Project("{9A19103F-16F7-4668-BE54-9A1E7A4F7556}") = "SSDLDotNetCore.BlazorWasm", "SSDLDotNetCore.BlazorWasm\SSDLDotNetCore.BlazorWasm.csproj", "{F409C7A3-DE95-42CA-88AF-61A305ADBAE5}"
EndProject
Project("{9A19103F-16F7-4668-BE54-9A1E7A4F7556}") = "SSDLDotNetCore.BlazorWasm2", "SSDLDotNetCore.BlazorWasm2\SSDLDotNetCore.BlazorWasm2.csproj", "{212D6791-1A62-4771-97BB-033B7305E809}"
EndProject
Project("{9A19103F-16F7-4668-BE54-9A1E7A4F7556}") = "SSDLDotNetCore.BlazorServer", "SSDLDotNetCore.BlazorServer\SSDLDotNetCore.BlazorServer.csproj", "{2B32A9A3-C805-4E9F-90D1-5FD57506B976}"
EndProject
Project("{9A19103F-16F7-4668-BE54-9A1E7A4F7556}") = "SSDLDotNetCore.MiddlewareApp", "SSDLDotNetCore.MiddlewareApp\SSDLDotNetCore.MiddlewareApp.csproj", "{75D45D95-D598-4532-A3FA-B8D550A63AD0}"
EndProject
Project("{FAE04EC0-301F-11D3-BF4B-00C04F79EFBC}") = "SSDLDotNetCore.LoginMiddlewareAppWithCookie", "SSDLDotNetCore.LoginMiddlewareAppWithCookie\SSDLDotNetCore.LoginMiddlewareAppWithCookie.csproj", "{5CC0986C-5810-462B-9124-E1D8B02D27BC}"
EndProject
Global
	GlobalSection(SolutionConfigurationPlatforms) = preSolution
		Debug|Any CPU = Debug|Any CPU
		Release|Any CPU = Release|Any CPU
	EndGlobalSection
	GlobalSection(ProjectConfigurationPlatforms) = postSolution
		{CC877FDE-1E7C-48D4-9F2E-08AD18359444}.Debug|Any CPU.ActiveCfg = Debug|Any CPU
		{CC877FDE-1E7C-48D4-9F2E-08AD18359444}.Debug|Any CPU.Build.0 = Debug|Any CPU
		{CC877FDE-1E7C-48D4-9F2E-08AD18359444}.Release|Any CPU.ActiveCfg = Release|Any CPU
		{CC877FDE-1E7C-48D4-9F2E-08AD18359444}.Release|Any CPU.Build.0 = Release|Any CPU
		{870BC14F-43A7-4C05-B265-BB5BF90E63B2}.Debug|Any CPU.ActiveCfg = Debug|Any CPU
		{870BC14F-43A7-4C05-B265-BB5BF90E63B2}.Debug|Any CPU.Build.0 = Debug|Any CPU
		{870BC14F-43A7-4C05-B265-BB5BF90E63B2}.Release|Any CPU.ActiveCfg = Release|Any CPU
		{870BC14F-43A7-4C05-B265-BB5BF90E63B2}.Release|Any CPU.Build.0 = Release|Any CPU
		{702EEAA3-3DE1-4BA4-900D-E2C9E042E622}.Debug|Any CPU.ActiveCfg = Debug|Any CPU
		{702EEAA3-3DE1-4BA4-900D-E2C9E042E622}.Debug|Any CPU.Build.0 = Debug|Any CPU
		{702EEAA3-3DE1-4BA4-900D-E2C9E042E622}.Release|Any CPU.ActiveCfg = Release|Any CPU
		{702EEAA3-3DE1-4BA4-900D-E2C9E042E622}.Release|Any CPU.Build.0 = Release|Any CPU
		{BC9612D9-4B00-4A50-9031-9D83EB63CF26}.Debug|Any CPU.ActiveCfg = Debug|Any CPU
		{BC9612D9-4B00-4A50-9031-9D83EB63CF26}.Debug|Any CPU.Build.0 = Debug|Any CPU
		{BC9612D9-4B00-4A50-9031-9D83EB63CF26}.Release|Any CPU.ActiveCfg = Release|Any CPU
		{BC9612D9-4B00-4A50-9031-9D83EB63CF26}.Release|Any CPU.Build.0 = Release|Any CPU
		{3B45A6FD-7989-4680-B729-BAA1732D6367}.Debug|Any CPU.ActiveCfg = Debug|Any CPU
		{3B45A6FD-7989-4680-B729-BAA1732D6367}.Debug|Any CPU.Build.0 = Debug|Any CPU
		{3B45A6FD-7989-4680-B729-BAA1732D6367}.Release|Any CPU.ActiveCfg = Release|Any CPU
		{3B45A6FD-7989-4680-B729-BAA1732D6367}.Release|Any CPU.Build.0 = Release|Any CPU
		{78751516-DC61-42A4-BA2F-3E3BC734B216}.Debug|Any CPU.ActiveCfg = Debug|Any CPU
		{78751516-DC61-42A4-BA2F-3E3BC734B216}.Debug|Any CPU.Build.0 = Debug|Any CPU
		{78751516-DC61-42A4-BA2F-3E3BC734B216}.Release|Any CPU.ActiveCfg = Release|Any CPU
		{78751516-DC61-42A4-BA2F-3E3BC734B216}.Release|Any CPU.Build.0 = Release|Any CPU
		{FEAE9ED2-CBFE-4791-AC56-EE4117BC5DF2}.Debug|Any CPU.ActiveCfg = Debug|Any CPU
		{FEAE9ED2-CBFE-4791-AC56-EE4117BC5DF2}.Debug|Any CPU.Build.0 = Debug|Any CPU
		{FEAE9ED2-CBFE-4791-AC56-EE4117BC5DF2}.Release|Any CPU.ActiveCfg = Release|Any CPU
		{FEAE9ED2-CBFE-4791-AC56-EE4117BC5DF2}.Release|Any CPU.Build.0 = Release|Any CPU
		{6166DA76-2CC4-480D-852A-7591A29B0FB1}.Debug|Any CPU.ActiveCfg = Debug|Any CPU
		{6166DA76-2CC4-480D-852A-7591A29B0FB1}.Debug|Any CPU.Build.0 = Debug|Any CPU
		{6166DA76-2CC4-480D-852A-7591A29B0FB1}.Release|Any CPU.ActiveCfg = Release|Any CPU
		{6166DA76-2CC4-480D-852A-7591A29B0FB1}.Release|Any CPU.Build.0 = Release|Any CPU
		{8CA24AD9-527D-4305-8F2C-24293EE2F272}.Debug|Any CPU.ActiveCfg = Debug|Any CPU
		{8CA24AD9-527D-4305-8F2C-24293EE2F272}.Debug|Any CPU.Build.0 = Debug|Any CPU
		{8CA24AD9-527D-4305-8F2C-24293EE2F272}.Release|Any CPU.ActiveCfg = Release|Any CPU
		{8CA24AD9-527D-4305-8F2C-24293EE2F272}.Release|Any CPU.Build.0 = Release|Any CPU
		{AA31203E-3480-4E55-B649-D439830DDE69}.Debug|Any CPU.ActiveCfg = Debug|Any CPU
		{AA31203E-3480-4E55-B649-D439830DDE69}.Debug|Any CPU.Build.0 = Debug|Any CPU
		{AA31203E-3480-4E55-B649-D439830DDE69}.Release|Any CPU.ActiveCfg = Release|Any CPU
		{AA31203E-3480-4E55-B649-D439830DDE69}.Release|Any CPU.Build.0 = Release|Any CPU
		{AC2AC78B-F198-413E-9D38-D8FAD5D7A033}.Debug|Any CPU.ActiveCfg = Debug|Any CPU
		{AC2AC78B-F198-413E-9D38-D8FAD5D7A033}.Debug|Any CPU.Build.0 = Debug|Any CPU
		{AC2AC78B-F198-413E-9D38-D8FAD5D7A033}.Release|Any CPU.ActiveCfg = Release|Any CPU
		{AC2AC78B-F198-413E-9D38-D8FAD5D7A033}.Release|Any CPU.Build.0 = Release|Any CPU
		{63503FA5-DDB7-47FC-8706-E35215B23267}.Debug|Any CPU.ActiveCfg = Debug|Any CPU
		{63503FA5-DDB7-47FC-8706-E35215B23267}.Debug|Any CPU.Build.0 = Debug|Any CPU
		{63503FA5-DDB7-47FC-8706-E35215B23267}.Release|Any CPU.ActiveCfg = Release|Any CPU
		{63503FA5-DDB7-47FC-8706-E35215B23267}.Release|Any CPU.Build.0 = Release|Any CPU
		{4CC33941-71DD-47C8-A1C6-AAFB85C5A884}.Debug|Any CPU.ActiveCfg = Debug|Any CPU
		{4CC33941-71DD-47C8-A1C6-AAFB85C5A884}.Debug|Any CPU.Build.0 = Debug|Any CPU
		{4CC33941-71DD-47C8-A1C6-AAFB85C5A884}.Release|Any CPU.ActiveCfg = Release|Any CPU
		{4CC33941-71DD-47C8-A1C6-AAFB85C5A884}.Release|Any CPU.Build.0 = Release|Any CPU
		{007F0C8B-2121-4F00-88E2-A7975F819BD5}.Debug|Any CPU.ActiveCfg = Debug|Any CPU
		{007F0C8B-2121-4F00-88E2-A7975F819BD5}.Debug|Any CPU.Build.0 = Debug|Any CPU
		{007F0C8B-2121-4F00-88E2-A7975F819BD5}.Release|Any CPU.ActiveCfg = Release|Any CPU
		{007F0C8B-2121-4F00-88E2-A7975F819BD5}.Release|Any CPU.Build.0 = Release|Any CPU
		{884588C6-C632-429E-BF2C-813F59674306}.Debug|Any CPU.ActiveCfg = Debug|Any CPU
		{884588C6-C632-429E-BF2C-813F59674306}.Debug|Any CPU.Build.0 = Debug|Any CPU
		{884588C6-C632-429E-BF2C-813F59674306}.Release|Any CPU.ActiveCfg = Release|Any CPU
		{884588C6-C632-429E-BF2C-813F59674306}.Release|Any CPU.Build.0 = Release|Any CPU
		{708441A6-D7C0-4A37-A4A9-F15F8FF4FCFE}.Debug|Any CPU.ActiveCfg = Debug|Any CPU
		{708441A6-D7C0-4A37-A4A9-F15F8FF4FCFE}.Debug|Any CPU.Build.0 = Debug|Any CPU
		{708441A6-D7C0-4A37-A4A9-F15F8FF4FCFE}.Release|Any CPU.ActiveCfg = Release|Any CPU
		{708441A6-D7C0-4A37-A4A9-F15F8FF4FCFE}.Release|Any CPU.Build.0 = Release|Any CPU
		{F54BBFCC-9E5A-4D53-B16C-954F9BFE7420}.Debug|Any CPU.ActiveCfg = Debug|Any CPU
		{F54BBFCC-9E5A-4D53-B16C-954F9BFE7420}.Debug|Any CPU.Build.0 = Debug|Any CPU
		{F54BBFCC-9E5A-4D53-B16C-954F9BFE7420}.Release|Any CPU.ActiveCfg = Release|Any CPU
		{F54BBFCC-9E5A-4D53-B16C-954F9BFE7420}.Release|Any CPU.Build.0 = Release|Any CPU
		{4E8EE404-A3E4-41AF-B7AE-66D560C0803B}.Debug|Any CPU.ActiveCfg = Debug|Any CPU
		{4E8EE404-A3E4-41AF-B7AE-66D560C0803B}.Debug|Any CPU.Build.0 = Debug|Any CPU
		{4E8EE404-A3E4-41AF-B7AE-66D560C0803B}.Release|Any CPU.ActiveCfg = Release|Any CPU
		{4E8EE404-A3E4-41AF-B7AE-66D560C0803B}.Release|Any CPU.Build.0 = Release|Any CPU
		{BDD67DC0-1B3D-4C80-815B-E4FE11C424DF}.Debug|Any CPU.ActiveCfg = Debug|Any CPU
		{BDD67DC0-1B3D-4C80-815B-E4FE11C424DF}.Debug|Any CPU.Build.0 = Debug|Any CPU
		{BDD67DC0-1B3D-4C80-815B-E4FE11C424DF}.Release|Any CPU.ActiveCfg = Release|Any CPU
		{BDD67DC0-1B3D-4C80-815B-E4FE11C424DF}.Release|Any CPU.Build.0 = Release|Any CPU
		{BFC78A86-9EDE-4920-94F5-04C458EE4F0A}.Debug|Any CPU.ActiveCfg = Debug|Any CPU
		{BFC78A86-9EDE-4920-94F5-04C458EE4F0A}.Debug|Any CPU.Build.0 = Debug|Any CPU
		{BFC78A86-9EDE-4920-94F5-04C458EE4F0A}.Release|Any CPU.ActiveCfg = Release|Any CPU
		{BFC78A86-9EDE-4920-94F5-04C458EE4F0A}.Release|Any CPU.Build.0 = Release|Any CPU
		{7B425BCD-C55C-4E0E-AF9B-26F011572A74}.Debug|Any CPU.ActiveCfg = Debug|Any CPU
		{7B425BCD-C55C-4E0E-AF9B-26F011572A74}.Debug|Any CPU.Build.0 = Debug|Any CPU
		{7B425BCD-C55C-4E0E-AF9B-26F011572A74}.Release|Any CPU.ActiveCfg = Release|Any CPU
		{7B425BCD-C55C-4E0E-AF9B-26F011572A74}.Release|Any CPU.Build.0 = Release|Any CPU
		{FFDECFA6-8B08-4E16-8A37-A1BF9FDE059A}.Debug|Any CPU.ActiveCfg = Debug|Any CPU
		{FFDECFA6-8B08-4E16-8A37-A1BF9FDE059A}.Debug|Any CPU.Build.0 = Debug|Any CPU
		{FFDECFA6-8B08-4E16-8A37-A1BF9FDE059A}.Release|Any CPU.ActiveCfg = Release|Any CPU
		{FFDECFA6-8B08-4E16-8A37-A1BF9FDE059A}.Release|Any CPU.Build.0 = Release|Any CPU
		{B9526AD9-3717-453F-A42E-FD32C6EBB166}.Debug|Any CPU.ActiveCfg = Debug|Any CPU
		{B9526AD9-3717-453F-A42E-FD32C6EBB166}.Debug|Any CPU.Build.0 = Debug|Any CPU
		{B9526AD9-3717-453F-A42E-FD32C6EBB166}.Release|Any CPU.ActiveCfg = Release|Any CPU
		{B9526AD9-3717-453F-A42E-FD32C6EBB166}.Release|Any CPU.Build.0 = Release|Any CPU
		{80FB4D5A-522A-4B49-86A0-DF9A41F0637F}.Debug|Any CPU.ActiveCfg = Debug|Any CPU
		{80FB4D5A-522A-4B49-86A0-DF9A41F0637F}.Debug|Any CPU.Build.0 = Debug|Any CPU
		{80FB4D5A-522A-4B49-86A0-DF9A41F0637F}.Release|Any CPU.ActiveCfg = Release|Any CPU
		{80FB4D5A-522A-4B49-86A0-DF9A41F0637F}.Release|Any CPU.Build.0 = Release|Any CPU
		{034ADFCD-B34A-4E3E-B360-1A6BDC424029}.Debug|Any CPU.ActiveCfg = Debug|Any CPU
		{034ADFCD-B34A-4E3E-B360-1A6BDC424029}.Debug|Any CPU.Build.0 = Debug|Any CPU
		{034ADFCD-B34A-4E3E-B360-1A6BDC424029}.Release|Any CPU.ActiveCfg = Release|Any CPU
		{034ADFCD-B34A-4E3E-B360-1A6BDC424029}.Release|Any CPU.Build.0 = Release|Any CPU
		{FF07A7D2-2B54-45AC-9CD2-51D915C8969C}.Debug|Any CPU.ActiveCfg = Debug|Any CPU
		{FF07A7D2-2B54-45AC-9CD2-51D915C8969C}.Debug|Any CPU.Build.0 = Debug|Any CPU
		{FF07A7D2-2B54-45AC-9CD2-51D915C8969C}.Release|Any CPU.ActiveCfg = Release|Any CPU
		{FF07A7D2-2B54-45AC-9CD2-51D915C8969C}.Release|Any CPU.Build.0 = Release|Any CPU
		{2280FFC6-D75C-47F7-816D-02B631AB0183}.Debug|Any CPU.ActiveCfg = Debug|Any CPU
		{2280FFC6-D75C-47F7-816D-02B631AB0183}.Debug|Any CPU.Build.0 = Debug|Any CPU
		{2280FFC6-D75C-47F7-816D-02B631AB0183}.Release|Any CPU.ActiveCfg = Release|Any CPU
		{2280FFC6-D75C-47F7-816D-02B631AB0183}.Release|Any CPU.Build.0 = Release|Any CPU
		{FDF62753-2B0F-484A-88DD-633CF59106B2}.Debug|Any CPU.ActiveCfg = Debug|Any CPU
		{FDF62753-2B0F-484A-88DD-633CF59106B2}.Debug|Any CPU.Build.0 = Debug|Any CPU
		{FDF62753-2B0F-484A-88DD-633CF59106B2}.Release|Any CPU.ActiveCfg = Release|Any CPU
		{FDF62753-2B0F-484A-88DD-633CF59106B2}.Release|Any CPU.Build.0 = Release|Any CPU
		{F409C7A3-DE95-42CA-88AF-61A305ADBAE5}.Debug|Any CPU.ActiveCfg = Debug|Any CPU
		{F409C7A3-DE95-42CA-88AF-61A305ADBAE5}.Debug|Any CPU.Build.0 = Debug|Any CPU
		{F409C7A3-DE95-42CA-88AF-61A305ADBAE5}.Release|Any CPU.ActiveCfg = Release|Any CPU
		{F409C7A3-DE95-42CA-88AF-61A305ADBAE5}.Release|Any CPU.Build.0 = Release|Any CPU
		{212D6791-1A62-4771-97BB-033B7305E809}.Debug|Any CPU.ActiveCfg = Debug|Any CPU
		{212D6791-1A62-4771-97BB-033B7305E809}.Debug|Any CPU.Build.0 = Debug|Any CPU
		{212D6791-1A62-4771-97BB-033B7305E809}.Release|Any CPU.ActiveCfg = Release|Any CPU
		{212D6791-1A62-4771-97BB-033B7305E809}.Release|Any CPU.Build.0 = Release|Any CPU
		{2B32A9A3-C805-4E9F-90D1-5FD57506B976}.Debug|Any CPU.ActiveCfg = Debug|Any CPU
		{2B32A9A3-C805-4E9F-90D1-5FD57506B976}.Debug|Any CPU.Build.0 = Debug|Any CPU
		{2B32A9A3-C805-4E9F-90D1-5FD57506B976}.Release|Any CPU.ActiveCfg = Release|Any CPU
		{2B32A9A3-C805-4E9F-90D1-5FD57506B976}.Release|Any CPU.Build.0 = Release|Any CPU
		{75D45D95-D598-4532-A3FA-B8D550A63AD0}.Debug|Any CPU.ActiveCfg = Debug|Any CPU
		{75D45D95-D598-4532-A3FA-B8D550A63AD0}.Debug|Any CPU.Build.0 = Debug|Any CPU
		{75D45D95-D598-4532-A3FA-B8D550A63AD0}.Release|Any CPU.ActiveCfg = Release|Any CPU
		{75D45D95-D598-4532-A3FA-B8D550A63AD0}.Release|Any CPU.Build.0 = Release|Any CPU
		{5CC0986C-5810-462B-9124-E1D8B02D27BC}.Debug|Any CPU.ActiveCfg = Debug|Any CPU
		{5CC0986C-5810-462B-9124-E1D8B02D27BC}.Debug|Any CPU.Build.0 = Debug|Any CPU
		{5CC0986C-5810-462B-9124-E1D8B02D27BC}.Release|Any CPU.ActiveCfg = Release|Any CPU
		{5CC0986C-5810-462B-9124-E1D8B02D27BC}.Release|Any CPU.Build.0 = Release|Any CPU
	EndGlobalSection
	GlobalSection(SolutionProperties) = preSolution
		HideSolutionNode = FALSE
	EndGlobalSection
	GlobalSection(ExtensibilityGlobals) = postSolution
		SolutionGuid = {A7A336EB-F591-4776-9D97-C3982BE228D9}
	EndGlobalSection
EndGlobal
