
Microsoft Visual Studio Solution File, Format Version 12.00
# Visual Studio Version 17
VisualStudioVersion = 17.10.34804.81
MinimumVisualStudioVersion = 10.0.40219.1
Project("{9A19103F-16F7-4668-BE54-9A1E7A4F7556}") = "SSDLDotNetCore.ConsoleApp", "SSDLDotNetCore.ConsoleApp\SSDLDotNetCore.ConsoleApp.csproj", "{CC877FDE-1E7C-48D4-9F2E-08AD18359444}"
EndProject
Project("{2150E333-8FDC-42A3-9474-1A3956D46DE8}") = "Documents", "Documents", "{D7322A92-A85A-4940-BC3D-579AB32223CA}"
	ProjectSection(SolutionItems) = preProject
		Blog.sql = Blog.sql
		README.md = README.md
	EndProjectSection
EndProject
Project("{9A19103F-16F7-4668-BE54-9A1E7A4F7556}") = "SSDLDotNetCore.RestApi", "SSDLDotNetCore.RestApi\SSDLDotNetCore.RestApi.csproj", "{870BC14F-43A7-4C05-B265-BB5BF90E63B2}"
EndProject
Project("{9A19103F-16F7-4668-BE54-9A1E7A4F7556}") = "SSDLDotNetCore.Shared", "SSDLDotNetCore.Shared\SSDLDotNetCore.Shared.csproj", "{702EEAA3-3DE1-4BA4-900D-E2C9E042E622}"
EndProject
Project("{9A19103F-16F7-4668-BE54-9A1E7A4F7556}") = "SSDLDotNetCore.RestApiWithNLayer", "SSDLDotNetCore.RestApiWithNLayer\SSDLDotNetCore.RestApiWithNLayer.csproj", "{BC9612D9-4B00-4A50-9031-9D83EB63CF26}"
EndProject
Project("{9A19103F-16F7-4668-BE54-9A1E7A4F7556}") = "SSDLDotNetCore.ConsoleAppHttpClient", "SSDLDotNetCore.ConsoleAppHttpClient\SSDLDotNetCore.ConsoleAppHttpClient.csproj", "{3B45A6FD-7989-4680-B729-BAA1732D6367}"
EndProject
Project("{9A19103F-16F7-4668-BE54-9A1E7A4F7556}") = "SSDLDotNetCore.ConsoleAppHttpClientExamples", "SSDLDotNetCore.ConsoleAppHttpClientExamples\SSDLDotNetCore.ConsoleAppHttpClientExamples.csproj", "{78751516-DC61-42A4-BA2F-3E3BC734B216}"
EndProject
Project("{9A19103F-16F7-4668-BE54-9A1E7A4F7556}") = "SSDLDotNetCore.ConsoleAppRestClientExamples", "SSDLDotNetCore.ConsoleAppRestClientExamples\SSDLDotNetCore.ConsoleAppRestClientExamples.csproj", "{FEAE9ED2-CBFE-4791-AC56-EE4117BC5DF2}"
EndProject
Project("{9A19103F-16F7-4668-BE54-9A1E7A4F7556}") = "SSDLDotNetCore.PizzaApi", "SSDLDotNetCore.PizzaApi\SSDLDotNetCore.PizzaApi.csproj", "{6166DA76-2CC4-480D-852A-7591A29B0FB1}"
EndProject
Project("{9A19103F-16F7-4668-BE54-9A1E7A4F7556}") = "SSDLDotNetCore.ConsoleAppRefitExamples", "SSDLDotNetCore.ConsoleAppRefitExamples\SSDLDotNetCore.ConsoleAppRefitExamples.csproj", "{8CA24AD9-527D-4305-8F2C-24293EE2F272}"
EndProject
Project("{9A19103F-16F7-4668-BE54-9A1E7A4F7556}") = "SSDLDotNetCore.WinFormsApp", "SSDLDotNetCore.WinFormsApp\SSDLDotNetCore.WinFormsApp.csproj", "{AA31203E-3480-4E55-B649-D439830DDE69}"
EndProject
Project("{9A19103F-16F7-4668-BE54-9A1E7A4F7556}") = "SSDLDotNetCore.WinFormsAppSqlInjection", "SSDLDotNetCore.WinFormsAppSqlInjection\SSDLDotNetCore.WinFormsAppSqlInjection.csproj", "{AC2AC78B-F198-413E-9D38-D8FAD5D7A033}"
EndProject
Project("{9A19103F-16F7-4668-BE54-9A1E7A4F7556}") = "SSDLDotNetCore.NLayer.UI", "SSDLDotNetCore.NLayer.UI\SSDLDotNetCore.NLayer.UI.csproj", "{63503FA5-DDB7-47FC-8706-E35215B23267}"
EndProject
Project("{9A19103F-16F7-4668-BE54-9A1E7A4F7556}") = "SSDLDotNetCore.NLayer.BusinessLogic", "SSDLDotNetCore.NLayer.BusinessLogic\SSDLDotNetCore.NLayer.BusinessLogic.csproj", "{4CC33941-71DD-47C8-A1C6-AAFB85C5A884}"
EndProject
Project("{9A19103F-16F7-4668-BE54-9A1E7A4F7556}") = "SSDLDotNetCore.NLayer.DataAccess", "SSDLDotNetCore.NLayer.DataAccess\SSDLDotNetCore.NLayer.DataAccess.csproj", "{007F0C8B-2121-4F00-88E2-A7975F819BD5}"
EndProject
Project("{FAE04EC0-301F-11D3-BF4B-00C04F79EFBC}") = "SSDLDotNetCore.MinimalApi", "SSDLDotNetCore.MinimalApi\SSDLDotNetCore.MinimalApi.csproj", "{884588C6-C632-429E-BF2C-813F59674306}"
EndProject
Global
	GlobalSection(SolutionConfigurationPlatforms) = preSolution
		Debug|Any CPU = Debug|Any CPU
		Release|Any CPU = Release|Any CPU
	EndGlobalSection
	GlobalSection(ProjectConfigurationPlatforms) = postSolution
		{CC877FDE-1E7C-48D4-9F2E-08AD18359444}.Debug|Any CPU.ActiveCfg = Debug|Any CPU
		{CC877FDE-1E7C-48D4-9F2E-08AD18359444}.Debug|Any CPU.Build.0 = Debug|Any CPU
		{CC877FDE-1E7C-48D4-9F2E-08AD18359444}.Release|Any CPU.ActiveCfg = Release|Any CPU
		{CC877FDE-1E7C-48D4-9F2E-08AD18359444}.Release|Any CPU.Build.0 = Release|Any CPU
		{870BC14F-43A7-4C05-B265-BB5BF90E63B2}.Debug|Any CPU.ActiveCfg = Debug|Any CPU
		{870BC14F-43A7-4C05-B265-BB5BF90E63B2}.Debug|Any CPU.Build.0 = Debug|Any CPU
		{870BC14F-43A7-4C05-B265-BB5BF90E63B2}.Release|Any CPU.ActiveCfg = Release|Any CPU
		{870BC14F-43A7-4C05-B265-BB5BF90E63B2}.Release|Any CPU.Build.0 = Release|Any CPU
		{702EEAA3-3DE1-4BA4-900D-E2C9E042E622}.Debug|Any CPU.ActiveCfg = Debug|Any CPU
		{702EEAA3-3DE1-4BA4-900D-E2C9E042E622}.Debug|Any CPU.Build.0 = Debug|Any CPU
		{702EEAA3-3DE1-4BA4-900D-E2C9E042E622}.Release|Any CPU.ActiveCfg = Release|Any CPU
		{702EEAA3-3DE1-4BA4-900D-E2C9E042E622}.Release|Any CPU.Build.0 = Release|Any CPU
		{BC9612D9-4B00-4A50-9031-9D83EB63CF26}.Debug|Any CPU.ActiveCfg = Debug|Any CPU
		{BC9612D9-4B00-4A50-9031-9D83EB63CF26}.Debug|Any CPU.Build.0 = Debug|Any CPU
		{BC9612D9-4B00-4A50-9031-9D83EB63CF26}.Release|Any CPU.ActiveCfg = Release|Any CPU
		{BC9612D9-4B00-4A50-9031-9D83EB63CF26}.Release|Any CPU.Build.0 = Release|Any CPU
		{3B45A6FD-7989-4680-B729-BAA1732D6367}.Debug|Any CPU.ActiveCfg = Debug|Any CPU
		{3B45A6FD-7989-4680-B729-BAA1732D6367}.Debug|Any CPU.Build.0 = Debug|Any CPU
		{3B45A6FD-7989-4680-B729-BAA1732D6367}.Release|Any CPU.ActiveCfg = Release|Any CPU
		{3B45A6FD-7989-4680-B729-BAA1732D6367}.Release|Any CPU.Build.0 = Release|Any CPU
		{78751516-DC61-42A4-BA2F-3E3BC734B216}.Debug|Any CPU.ActiveCfg = Debug|Any CPU
		{78751516-DC61-42A4-BA2F-3E3BC734B216}.Debug|Any CPU.Build.0 = Debug|Any CPU
		{78751516-DC61-42A4-BA2F-3E3BC734B216}.Release|Any CPU.ActiveCfg = Release|Any CPU
		{78751516-DC61-42A4-BA2F-3E3BC734B216}.Release|Any CPU.Build.0 = Release|Any CPU
		{FEAE9ED2-CBFE-4791-AC56-EE4117BC5DF2}.Debug|Any CPU.ActiveCfg = Debug|Any CPU
		{FEAE9ED2-CBFE-4791-AC56-EE4117BC5DF2}.Debug|Any CPU.Build.0 = Debug|Any CPU
		{FEAE9ED2-CBFE-4791-AC56-EE4117BC5DF2}.Release|Any CPU.ActiveCfg = Release|Any CPU
		{FEAE9ED2-CBFE-4791-AC56-EE4117BC5DF2}.Release|Any CPU.Build.0 = Release|Any CPU
		{6166DA76-2CC4-480D-852A-7591A29B0FB1}.Debug|Any CPU.ActiveCfg = Debug|Any CPU
		{6166DA76-2CC4-480D-852A-7591A29B0FB1}.Debug|Any CPU.Build.0 = Debug|Any CPU
		{6166DA76-2CC4-480D-852A-7591A29B0FB1}.Release|Any CPU.ActiveCfg = Release|Any CPU
		{6166DA76-2CC4-480D-852A-7591A29B0FB1}.Release|Any CPU.Build.0 = Release|Any CPU
		{8CA24AD9-527D-4305-8F2C-24293EE2F272}.Debug|Any CPU.ActiveCfg = Debug|Any CPU
		{8CA24AD9-527D-4305-8F2C-24293EE2F272}.Debug|Any CPU.Build.0 = Debug|Any CPU
		{8CA24AD9-527D-4305-8F2C-24293EE2F272}.Release|Any CPU.ActiveCfg = Release|Any CPU
		{8CA24AD9-527D-4305-8F2C-24293EE2F272}.Release|Any CPU.Build.0 = Release|Any CPU
		{AA31203E-3480-4E55-B649-D439830DDE69}.Debug|Any CPU.ActiveCfg = Debug|Any CPU
		{AA31203E-3480-4E55-B649-D439830DDE69}.Debug|Any CPU.Build.0 = Debug|Any CPU
		{AA31203E-3480-4E55-B649-D439830DDE69}.Release|Any CPU.ActiveCfg = Release|Any CPU
		{AA31203E-3480-4E55-B649-D439830DDE69}.Release|Any CPU.Build.0 = Release|Any CPU
		{AC2AC78B-F198-413E-9D38-D8FAD5D7A033}.Debug|Any CPU.ActiveCfg = Debug|Any CPU
		{AC2AC78B-F198-413E-9D38-D8FAD5D7A033}.Debug|Any CPU.Build.0 = Debug|Any CPU
		{AC2AC78B-F198-413E-9D38-D8FAD5D7A033}.Release|Any CPU.ActiveCfg = Release|Any CPU
		{AC2AC78B-F198-413E-9D38-D8FAD5D7A033}.Release|Any CPU.Build.0 = Release|Any CPU
		{63503FA5-DDB7-47FC-8706-E35215B23267}.Debug|Any CPU.ActiveCfg = Debug|Any CPU
		{63503FA5-DDB7-47FC-8706-E35215B23267}.Debug|Any CPU.Build.0 = Debug|Any CPU
		{63503FA5-DDB7-47FC-8706-E35215B23267}.Release|Any CPU.ActiveCfg = Release|Any CPU
		{63503FA5-DDB7-47FC-8706-E35215B23267}.Release|Any CPU.Build.0 = Release|Any CPU
		{4CC33941-71DD-47C8-A1C6-AAFB85C5A884}.Debug|Any CPU.ActiveCfg = Debug|Any CPU
		{4CC33941-71DD-47C8-A1C6-AAFB85C5A884}.Debug|Any CPU.Build.0 = Debug|Any CPU
		{4CC33941-71DD-47C8-A1C6-AAFB85C5A884}.Release|Any CPU.ActiveCfg = Release|Any CPU
		{4CC33941-71DD-47C8-A1C6-AAFB85C5A884}.Release|Any CPU.Build.0 = Release|Any CPU
		{007F0C8B-2121-4F00-88E2-A7975F819BD5}.Debug|Any CPU.ActiveCfg = Debug|Any CPU
		{007F0C8B-2121-4F00-88E2-A7975F819BD5}.Debug|Any CPU.Build.0 = Debug|Any CPU
		{007F0C8B-2121-4F00-88E2-A7975F819BD5}.Release|Any CPU.ActiveCfg = Release|Any CPU
		{007F0C8B-2121-4F00-88E2-A7975F819BD5}.Release|Any CPU.Build.0 = Release|Any CPU
		{884588C6-C632-429E-BF2C-813F59674306}.Debug|Any CPU.ActiveCfg = Debug|Any CPU
		{884588C6-C632-429E-BF2C-813F59674306}.Debug|Any CPU.Build.0 = Debug|Any CPU
		{884588C6-C632-429E-BF2C-813F59674306}.Release|Any CPU.ActiveCfg = Release|Any CPU
		{884588C6-C632-429E-BF2C-813F59674306}.Release|Any CPU.Build.0 = Release|Any CPU
	EndGlobalSection
	GlobalSection(SolutionProperties) = preSolution
		HideSolutionNode = FALSE
	EndGlobalSection
	GlobalSection(ExtensibilityGlobals) = postSolution
		SolutionGuid = {A7A336EB-F591-4776-9D97-C3982BE228D9}
	EndGlobalSection
EndGlobal
